[[package]]
name = "robotframework"
version = "6.0"
description = "Generic automation framework for acceptance testing and robotic process automation (RPA)"
category = "dev"
optional = false
python-versions = ">=3.6"

[metadata]
lock-version = "1.1"
python-versions = "^3.8"
content-hash = "7f9b662d09bd86848d25e19fcd25d9844c1e14c0d41bfd81cbd613d67270150b"

[metadata.files]
robotframework = [
    {file = "robotframework-6.0-py3-none-any.whl", hash = "sha256:fe3f4c6a88a93b8b404ccdbec35e022d237e8a381747523e651dddb501445b1f"},
    {file = "robotframework-6.0.zip", hash = "sha256:db9498dad21369a6702384db057994628cd2cf0a172f5685be941c4bf94e242f"},
]
